// !$*UTF8*$!
{
	archiveVersion = 1;
	classes = {
	};
	objectVersion = 51;
	objects = {

/* Begin PBXBuildFile section */
		8E06161324CF5A3900A0FEF4 /* MathProblemModel.swift in Sources */ = {isa = PBXBuildFile; fileRef = 8E06161224CF5A3900A0FEF4 /* MathProblemModel.swift */; };
		8E06161524CF61E400A0FEF4 /* Session.swift in Sources */ = {isa = PBXBuildFile; fileRef = 8E06161424CF61E400A0FEF4 /* Session.swift */; };
		8E2E6100250A4C5900625F9C /* SegmentedControlModel.swift in Sources */ = {isa = PBXBuildFile; fileRef = 8E2E60FF250A4C5900625F9C /* SegmentedControlModel.swift */; };
		8E2E6102250A4DB200625F9C /* UIView.swift in Sources */ = {isa = PBXBuildFile; fileRef = 8E2E6101250A4DB200625F9C /* UIView.swift */; };
		8E3AEA7824DB885D00C96001 /* MainSceneDelegate.swift in Sources */ = {isa = PBXBuildFile; fileRef = 8E3AEA7724DB885D00C96001 /* MainSceneDelegate.swift */; };
		8E4EA1A624CDF5DA004D10EB /* MainViewModel.swift in Sources */ = {isa = PBXBuildFile; fileRef = 8E4EA1A524CDF5DA004D10EB /* MainViewModel.swift */; };
		8E655D6A2506759100FFF439 /* StartViewController.swift in Sources */ = {isa = PBXBuildFile; fileRef = 8E655D692506759100FFF439 /* StartViewController.swift */; };
		8E655D6C2506760A00FFF439 /* SettingsViewController.swift in Sources */ = {isa = PBXBuildFile; fileRef = 8E655D6B2506760A00FFF439 /* SettingsViewController.swift */; };
		8E655D6E25068A9F00FFF439 /* ColorsModel.swift in Sources */ = {isa = PBXBuildFile; fileRef = 8E655D6D25068A9F00FFF439 /* ColorsModel.swift */; };
		8E655D7225077ECA00FFF439 /* Difficulty.swift in Sources */ = {isa = PBXBuildFile; fileRef = 8E655D7125077ECA00FFF439 /* Difficulty.swift */; };
		8E655D742507850100FFF439 /* MathCreationStrategy.swift in Sources */ = {isa = PBXBuildFile; fileRef = 8E655D732507850100FFF439 /* MathCreationStrategy.swift */; };
		8E655D792508D77C00FFF439 /* DifficultyStrategyFacade.swift in Sources */ = {isa = PBXBuildFile; fileRef = 8E655D782508D77C00FFF439 /* DifficultyStrategyFacade.swift */; };
		8E655D7C250A3B3900FFF439 /* SettingsViewModel.swift in Sources */ = {isa = PBXBuildFile; fileRef = 8E655D7B250A3B3900FFF439 /* SettingsViewModel.swift */; };
		8E69F70A24DE327200FA3B46 /* LeaderBoardViewController.swift in Sources */ = {isa = PBXBuildFile; fileRef = 8E69F70924DE327200FA3B46 /* LeaderBoardViewController.swift */; };
		8E69F70C24DE3A7F00FA3B46 /* GameResultModel.swift in Sources */ = {isa = PBXBuildFile; fileRef = 8E69F70B24DE3A7F00FA3B46 /* GameResultModel.swift */; };
		8E69F70E24DE417C00FA3B46 /* GameRecordsCaretaker.swift in Sources */ = {isa = PBXBuildFile; fileRef = 8E69F70D24DE417C00FA3B46 /* GameRecordsCaretaker.swift */; };
		8E8D438C250E399500D28A57 /* TimerModel.swift in Sources */ = {isa = PBXBuildFile; fileRef = 8E8D438B250E399500D28A57 /* TimerModel.swift */; };
		8EE703EB24DE2CCD007876B6 /* LeaderBoardTableViewCell.swift in Sources */ = {isa = PBXBuildFile; fileRef = 8EE703EA24DE2CCD007876B6 /* LeaderBoardTableViewCell.swift */; };
		8EFB41D224CD9F580085BDA5 /* AppDelegate.swift in Sources */ = {isa = PBXBuildFile; fileRef = 8EFB41D124CD9F580085BDA5 /* AppDelegate.swift */; };
		8EFB41D424CD9F580085BDA5 /* SceneDelegate.swift in Sources */ = {isa = PBXBuildFile; fileRef = 8EFB41D324CD9F580085BDA5 /* SceneDelegate.swift */; };
		8EFB41D924CD9F580085BDA5 /* Main.storyboard in Resources */ = {isa = PBXBuildFile; fileRef = 8EFB41D724CD9F580085BDA5 /* Main.storyboard */; };
		8EFB41DC24CD9F580085BDA5 /* Numbers_quiz.xcdatamodeld in Sources */ = {isa = PBXBuildFile; fileRef = 8EFB41DA24CD9F580085BDA5 /* Numbers_quiz.xcdatamodeld */; };
		8EFB41DE24CD9F5C0085BDA5 /* Assets.xcassets in Resources */ = {isa = PBXBuildFile; fileRef = 8EFB41DD24CD9F5C0085BDA5 /* Assets.xcassets */; };
		8EFB41E124CD9F5C0085BDA5 /* LaunchScreen.storyboard in Resources */ = {isa = PBXBuildFile; fileRef = 8EFB41DF24CD9F5C0085BDA5 /* LaunchScreen.storyboard */; };
		8EFB41E924CDA0F80085BDA5 /* MainViewController.swift in Sources */ = {isa = PBXBuildFile; fileRef = 8EFB41E824CDA0F80085BDA5 /* MainViewController.swift */; };
		8EFB41EB24CDA28B0085BDA5 /* NumberButtonModel.swift in Sources */ = {isa = PBXBuildFile; fileRef = 8EFB41EA24CDA28B0085BDA5 /* NumberButtonModel.swift */; };
/* End PBXBuildFile section */

/* Begin PBXFileReference section */
		8E06161224CF5A3900A0FEF4 /* MathProblemModel.swift */ = {isa = PBXFileReference; lastKnownFileType = sourcecode.swift; path = MathProblemModel.swift; sourceTree = "<group>"; };
		8E06161424CF61E400A0FEF4 /* Session.swift */ = {isa = PBXFileReference; lastKnownFileType = sourcecode.swift; path = Session.swift; sourceTree = "<group>"; };
		8E2E60FF250A4C5900625F9C /* SegmentedControlModel.swift */ = {isa = PBXFileReference; lastKnownFileType = sourcecode.swift; path = SegmentedControlModel.swift; sourceTree = "<group>"; };
		8E2E6101250A4DB200625F9C /* UIView.swift */ = {isa = PBXFileReference; lastKnownFileType = sourcecode.swift; path = UIView.swift; sourceTree = "<group>"; };
		8E3AEA7724DB885D00C96001 /* MainSceneDelegate.swift */ = {isa = PBXFileReference; lastKnownFileType = sourcecode.swift; path = MainSceneDelegate.swift; sourceTree = "<group>"; };
		8E4EA1A524CDF5DA004D10EB /* MainViewModel.swift */ = {isa = PBXFileReference; lastKnownFileType = sourcecode.swift; path = MainViewModel.swift; sourceTree = "<group>"; };
		8E655D692506759100FFF439 /* StartViewController.swift */ = {isa = PBXFileReference; lastKnownFileType = sourcecode.swift; path = StartViewController.swift; sourceTree = "<group>"; };
		8E655D6B2506760A00FFF439 /* SettingsViewController.swift */ = {isa = PBXFileReference; lastKnownFileType = sourcecode.swift; path = SettingsViewController.swift; sourceTree = "<group>"; };
		8E655D6D25068A9F00FFF439 /* ColorsModel.swift */ = {isa = PBXFileReference; lastKnownFileType = sourcecode.swift; path = ColorsModel.swift; sourceTree = "<group>"; };
		8E655D7125077ECA00FFF439 /* Difficulty.swift */ = {isa = PBXFileReference; lastKnownFileType = sourcecode.swift; path = Difficulty.swift; sourceTree = "<group>"; };
		8E655D732507850100FFF439 /* MathCreationStrategy.swift */ = {isa = PBXFileReference; lastKnownFileType = sourcecode.swift; path = MathCreationStrategy.swift; sourceTree = "<group>"; };
		8E655D782508D77C00FFF439 /* DifficultyStrategyFacade.swift */ = {isa = PBXFileReference; lastKnownFileType = sourcecode.swift; path = DifficultyStrategyFacade.swift; sourceTree = "<group>"; };
		8E655D7B250A3B3900FFF439 /* SettingsViewModel.swift */ = {isa = PBXFileReference; lastKnownFileType = sourcecode.swift; path = SettingsViewModel.swift; sourceTree = "<group>"; };
		8E69F70924DE327200FA3B46 /* LeaderBoardViewController.swift */ = {isa = PBXFileReference; lastKnownFileType = sourcecode.swift; path = LeaderBoardViewController.swift; sourceTree = "<group>"; };
		8E69F70B24DE3A7F00FA3B46 /* GameResultModel.swift */ = {isa = PBXFileReference; lastKnownFileType = sourcecode.swift; path = GameResultModel.swift; sourceTree = "<group>"; };
		8E69F70D24DE417C00FA3B46 /* GameRecordsCaretaker.swift */ = {isa = PBXFileReference; lastKnownFileType = sourcecode.swift; path = GameRecordsCaretaker.swift; sourceTree = "<group>"; };
		8E8D438B250E399500D28A57 /* TimerModel.swift */ = {isa = PBXFileReference; lastKnownFileType = sourcecode.swift; path = TimerModel.swift; sourceTree = "<group>"; };
		8EE703EA24DE2CCD007876B6 /* LeaderBoardTableViewCell.swift */ = {isa = PBXFileReference; lastKnownFileType = sourcecode.swift; path = LeaderBoardTableViewCell.swift; sourceTree = "<group>"; };
		8EFB41CE24CD9F580085BDA5 /* Numbers quiz.app */ = {isa = PBXFileReference; explicitFileType = wrapper.application; includeInIndex = 0; path = "Numbers quiz.app"; sourceTree = BUILT_PRODUCTS_DIR; };
		8EFB41D124CD9F580085BDA5 /* AppDelegate.swift */ = {isa = PBXFileReference; lastKnownFileType = sourcecode.swift; path = AppDelegate.swift; sourceTree = "<group>"; };
		8EFB41D324CD9F580085BDA5 /* SceneDelegate.swift */ = {isa = PBXFileReference; lastKnownFileType = sourcecode.swift; path = SceneDelegate.swift; sourceTree = "<group>"; };
		8EFB41D824CD9F580085BDA5 /* Base */ = {isa = PBXFileReference; lastKnownFileType = file.storyboard; name = Base; path = Base.lproj/Main.storyboard; sourceTree = "<group>"; };
		8EFB41DB24CD9F580085BDA5 /* Numbers_quiz.xcdatamodel */ = {isa = PBXFileReference; lastKnownFileType = wrapper.xcdatamodel; path = Numbers_quiz.xcdatamodel; sourceTree = "<group>"; };
		8EFB41DD24CD9F5C0085BDA5 /* Assets.xcassets */ = {isa = PBXFileReference; lastKnownFileType = folder.assetcatalog; path = Assets.xcassets; sourceTree = "<group>"; };
		8EFB41E024CD9F5C0085BDA5 /* Base */ = {isa = PBXFileReference; lastKnownFileType = file.storyboard; name = Base; path = Base.lproj/LaunchScreen.storyboard; sourceTree = "<group>"; };
		8EFB41E224CD9F5C0085BDA5 /* Info.plist */ = {isa = PBXFileReference; lastKnownFileType = text.plist.xml; path = Info.plist; sourceTree = "<group>"; };
		8EFB41E824CDA0F80085BDA5 /* MainViewController.swift */ = {isa = PBXFileReference; lastKnownFileType = sourcecode.swift; path = MainViewController.swift; sourceTree = "<group>"; };
		8EFB41EA24CDA28B0085BDA5 /* NumberButtonModel.swift */ = {isa = PBXFileReference; lastKnownFileType = sourcecode.swift; path = NumberButtonModel.swift; sourceTree = "<group>"; };
/* End PBXFileReference section */

/* Begin PBXFrameworksBuildPhase section */
		8EFB41CB24CD9F580085BDA5 /* Frameworks */ = {
			isa = PBXFrameworksBuildPhase;
			buildActionMask = 2147483647;
			files = (
			);
			runOnlyForDeploymentPostprocessing = 0;
		};
/* End PBXFrameworksBuildPhase section */

/* Begin PBXGroup section */
		8E655D772508D72D00FFF439 /* Patterns */ = {
			isa = PBXGroup;
			children = (
				8E655D732507850100FFF439 /* MathCreationStrategy.swift */,
				8E69F70D24DE417C00FA3B46 /* GameRecordsCaretaker.swift */,
				8E655D782508D77C00FFF439 /* DifficultyStrategyFacade.swift */,
			);
			path = Patterns;
			sourceTree = "<group>";
		};
		8E655D7A250A3B0000FFF439 /* View models */ = {
			isa = PBXGroup;
			children = (
				8EF52C9D250A420C00509836 /* SettingsViewModel and Controller */,
				8EF52C9C250A41EB00509836 /* MainViewModel and Controller */,
			);
			path = "View models";
			sourceTree = "<group>";
		};
		8EE703E824DE2BF3007876B6 /* Controllers */ = {
			isa = PBXGroup;
			children = (
				8E69F70924DE327200FA3B46 /* LeaderBoardViewController.swift */,
				8E655D692506759100FFF439 /* StartViewController.swift */,
			);
			path = Controllers;
			sourceTree = "<group>";
		};
		8EE703E924DE2CA6007876B6 /* Table cells */ = {
			isa = PBXGroup;
			children = (
				8EE703EA24DE2CCD007876B6 /* LeaderBoardTableViewCell.swift */,
			);
			path = "Table cells";
			sourceTree = "<group>";
		};
		8EF52C9C250A41EB00509836 /* MainViewModel and Controller */ = {
			isa = PBXGroup;
			children = (
				8E4EA1A524CDF5DA004D10EB /* MainViewModel.swift */,
				8EFB41E824CDA0F80085BDA5 /* MainViewController.swift */,
			);
			path = "MainViewModel and Controller";
			sourceTree = "<group>";
		};
		8EF52C9D250A420C00509836 /* SettingsViewModel and Controller */ = {
			isa = PBXGroup;
			children = (
				8E655D7B250A3B3900FFF439 /* SettingsViewModel.swift */,
				8E655D6B2506760A00FFF439 /* SettingsViewController.swift */,
			);
			path = "SettingsViewModel and Controller";
			sourceTree = "<group>";
		};
		8EFB41C524CD9F580085BDA5 = {
			isa = PBXGroup;
			children = (
				8EFB41D024CD9F580085BDA5 /* Numbers quiz */,
				8EFB41CF24CD9F580085BDA5 /* Products */,
			);
			sourceTree = "<group>";
		};
		8EFB41CF24CD9F580085BDA5 /* Products */ = {
			isa = PBXGroup;
			children = (
				8EFB41CE24CD9F580085BDA5 /* Numbers quiz.app */,
			);
			name = Products;
			sourceTree = "<group>";
		};
		8EFB41D024CD9F580085BDA5 /* Numbers quiz */ = {
			isa = PBXGroup;
			children = (
				8E655D772508D72D00FFF439 /* Patterns */,
				8EE703E924DE2CA6007876B6 /* Table cells */,
				8E655D7A250A3B0000FFF439 /* View models */,
				8EE703E824DE2BF3007876B6 /* Controllers */,
				8EFB41EC24CDAA3D0085BDA5 /* Models */,
				8EFB41D124CD9F580085BDA5 /* AppDelegate.swift */,
				8EFB41D724CD9F580085BDA5 /* Main.storyboard */,
				8EFB41D324CD9F580085BDA5 /* SceneDelegate.swift */,
				8E3AEA7724DB885D00C96001 /* MainSceneDelegate.swift */,
				8EFB41DD24CD9F5C0085BDA5 /* Assets.xcassets */,
				8EFB41DF24CD9F5C0085BDA5 /* LaunchScreen.storyboard */,
				8EFB41E224CD9F5C0085BDA5 /* Info.plist */,
				8EFB41DA24CD9F580085BDA5 /* Numbers_quiz.xcdatamodeld */,
			);
			path = "Numbers quiz";
			sourceTree = "<group>";
		};
		8EFB41EC24CDAA3D0085BDA5 /* Models */ = {
			isa = PBXGroup;
			children = (
				8EFB41EA24CDA28B0085BDA5 /* NumberButtonModel.swift */,
				8E2E60FF250A4C5900625F9C /* SegmentedControlModel.swift */,
				8E06161224CF5A3900A0FEF4 /* MathProblemModel.swift */,
				8E06161424CF61E400A0FEF4 /* Session.swift */,
				8E69F70B24DE3A7F00FA3B46 /* GameResultModel.swift */,
				8E655D6D25068A9F00FFF439 /* ColorsModel.swift */,
				8E655D7125077ECA00FFF439 /* Difficulty.swift */,
				8E2E6101250A4DB200625F9C /* UIView.swift */,
				8E8D438B250E399500D28A57 /* TimerModel.swift */,
			);
			path = Models;
			sourceTree = "<group>";
		};
/* End PBXGroup section */

/* Begin PBXNativeTarget section */
		8EFB41CD24CD9F580085BDA5 /* Numbers quiz */ = {
			isa = PBXNativeTarget;
			buildConfigurationList = 8EFB41E524CD9F5C0085BDA5 /* Build configuration list for PBXNativeTarget "Numbers quiz" */;
			buildPhases = (
				F2A133B9894F1F79E946595F /* [CP] Check Pods Manifest.lock */,
				8EFB41CA24CD9F580085BDA5 /* Sources */,
				8EFB41CB24CD9F580085BDA5 /* Frameworks */,
				8EFB41CC24CD9F580085BDA5 /* Resources */,
				7DEA01427A4C531188FD2C39 /* [CP] Embed Pods Frameworks */,
			);
			buildRules = (
			);
			dependencies = (
			);
			name = "Numbers quiz";
			productName = "Numbers quiz";
			productReference = 8EFB41CE24CD9F580085BDA5 /* Numbers quiz.app */;
			productType = "com.apple.product-type.application";
		};
/* End PBXNativeTarget section */

/* Begin PBXProject section */
		8EFB41C624CD9F580085BDA5 /* Project object */ = {
			isa = PBXProject;
			attributes = {
				LastSwiftUpdateCheck = 1160;
				LastUpgradeCheck = 1160;
				ORGANIZATIONNAME = "Stanislav Slipchenko";
				TargetAttributes = {
					8EFB41CD24CD9F580085BDA5 = {
						CreatedOnToolsVersion = 11.6;
					};
				};
			};
			buildConfigurationList = 8EFB41C924CD9F580085BDA5 /* Build configuration list for PBXProject "Numbers quiz" */;
			compatibilityVersion = "Xcode 9.3";
			developmentRegion = en;
			hasScannedForEncodings = 0;
			knownRegions = (
				en,
				Base,
			);
			mainGroup = 8EFB41C524CD9F580085BDA5;
			productRefGroup = 8EFB41CF24CD9F580085BDA5 /* Products */;
			projectDirPath = "";
			projectRoot = "";
			targets = (
				8EFB41CD24CD9F580085BDA5 /* Numbers quiz */,
			);
		};
/* End PBXProject section */

/* Begin PBXResourcesBuildPhase section */
		8EFB41CC24CD9F580085BDA5 /* Resources */ = {
			isa = PBXResourcesBuildPhase;
			buildActionMask = 2147483647;
			files = (
				8EFB41E124CD9F5C0085BDA5 /* LaunchScreen.storyboard in Resources */,
				8EFB41DE24CD9F5C0085BDA5 /* Assets.xcassets in Resources */,
				8EFB41D924CD9F580085BDA5 /* Main.storyboard in Resources */,
			);
			runOnlyForDeploymentPostprocessing = 0;
		};
/* End PBXResourcesBuildPhase section */

/* Begin PBXShellScriptBuildPhase section */
		7DEA01427A4C531188FD2C39 /* [CP] Embed Pods Frameworks */ = {
			isa = PBXShellScriptBuildPhase;
			buildActionMask = 2147483647;
			files = (
			);
			inputFileListPaths = (
				"${PODS_ROOT}/Target Support Files/Pods-Numbers quiz/Pods-Numbers quiz-frameworks-${CONFIGURATION}-input-files.xcfilelist",
			);
			name = "[CP] Embed Pods Frameworks";
			outputFileListPaths = (
				"${PODS_ROOT}/Target Support Files/Pods-Numbers quiz/Pods-Numbers quiz-frameworks-${CONFIGURATION}-output-files.xcfilelist",
			);
			runOnlyForDeploymentPostprocessing = 0;
			shellPath = /bin/sh;
			shellScript = "\"${PODS_ROOT}/Target Support Files/Pods-Numbers quiz/Pods-Numbers quiz-frameworks.sh\"\n";
			showEnvVarsInLog = 0;
		};
		F2A133B9894F1F79E946595F /* [CP] Check Pods Manifest.lock */ = {
			isa = PBXShellScriptBuildPhase;
			buildActionMask = 2147483647;
			files = (
			);
			inputFileListPaths = (
			);
			inputPaths = (
				"${PODS_PODFILE_DIR_PATH}/Podfile.lock",
				"${PODS_ROOT}/Manifest.lock",
			);
			name = "[CP] Check Pods Manifest.lock";
			outputFileListPaths = (
			);
			outputPaths = (
				"$(DERIVED_FILE_DIR)/Pods-Numbers quiz-checkManifestLockResult.txt",
			);
			runOnlyForDeploymentPostprocessing = 0;
			shellPath = /bin/sh;
			shellScript = "diff \"${PODS_PODFILE_DIR_PATH}/Podfile.lock\" \"${PODS_ROOT}/Manifest.lock\" > /dev/null\nif [ $? != 0 ] ; then\n    # print error to STDERR\n    echo \"error: The sandbox is not in sync with the Podfile.lock. Run 'pod install' or update your CocoaPods installation.\" >&2\n    exit 1\nfi\n# This output is used by Xcode 'outputs' to avoid re-running this script phase.\necho \"SUCCESS\" > \"${SCRIPT_OUTPUT_FILE_0}\"\n";
			showEnvVarsInLog = 0;
		};
/* End PBXShellScriptBuildPhase section */

/* Begin PBXSourcesBuildPhase section */
		8EFB41CA24CD9F580085BDA5 /* Sources */ = {
			isa = PBXSourcesBuildPhase;
			buildActionMask = 2147483647;
			files = (
				8E3AEA7824DB885D00C96001 /* MainSceneDelegate.swift in Sources */,
				8E655D6A2506759100FFF439 /* StartViewController.swift in Sources */,
				8E2E6102250A4DB200625F9C /* UIView.swift in Sources */,
				8EFB41EB24CDA28B0085BDA5 /* NumberButtonModel.swift in Sources */,
				8E06161324CF5A3900A0FEF4 /* MathProblemModel.swift in Sources */,
				8E655D792508D77C00FFF439 /* DifficultyStrategyFacade.swift in Sources */,
				8EFB41DC24CD9F580085BDA5 /* Numbers_quiz.xcdatamodeld in Sources */,
				8E655D742507850100FFF439 /* MathCreationStrategy.swift in Sources */,
				8EFB41D224CD9F580085BDA5 /* AppDelegate.swift in Sources */,
				8E06161524CF61E400A0FEF4 /* Session.swift in Sources */,
				8E8D438C250E399500D28A57 /* TimerModel.swift in Sources */,
				8EFB41D424CD9F580085BDA5 /* SceneDelegate.swift in Sources */,
				8E655D6C2506760A00FFF439 /* SettingsViewController.swift in Sources */,
				8E69F70A24DE327200FA3B46 /* LeaderBoardViewController.swift in Sources */,
				8EFB41E924CDA0F80085BDA5 /* MainViewController.swift in Sources */,
				8EE703EB24DE2CCD007876B6 /* LeaderBoardTableViewCell.swift in Sources */,
				8E69F70E24DE417C00FA3B46 /* GameRecordsCaretaker.swift in Sources */,
				8E655D7C250A3B3900FFF439 /* SettingsViewModel.swift in Sources */,
				8E2E6100250A4C5900625F9C /* SegmentedControlModel.swift in Sources */,
				8E69F70C24DE3A7F00FA3B46 /* GameResultModel.swift in Sources */,
				8E655D7225077ECA00FFF439 /* Difficulty.swift in Sources */,
				8E4EA1A624CDF5DA004D10EB /* MainViewModel.swift in Sources */,
				8E655D6E25068A9F00FFF439 /* ColorsModel.swift in Sources */,
			);
			runOnlyForDeploymentPostprocessing = 0;
		};
/* End PBXSourcesBuildPhase section */

/* Begin PBXVariantGroup section */
		8EFB41D724CD9F580085BDA5 /* Main.storyboard */ = {
			isa = PBXVariantGroup;
			children = (
				8EFB41D824CD9F580085BDA5 /* Base */,
			);
			name = Main.storyboard;
			sourceTree = "<group>";
		};
		8EFB41DF24CD9F5C0085BDA5 /* LaunchScreen.storyboard */ = {
			isa = PBXVariantGroup;
			children = (
				8EFB41E024CD9F5C0085BDA5 /* Base */,
			);
			name = LaunchScreen.storyboard;
			sourceTree = "<group>";
		};
/* End PBXVariantGroup section */

/* Begin XCBuildConfiguration section */
		8EFB41E324CD9F5C0085BDA5 /* Debug */ = {
			isa = XCBuildConfiguration;
			buildSettings = {
				ALWAYS_SEARCH_USER_PATHS = NO;
				CLANG_ANALYZER_NONNULL = YES;
				CLANG_ANALYZER_NUMBER_OBJECT_CONVERSION = YES_AGGRESSIVE;
				CLANG_CXX_LANGUAGE_STANDARD = "gnu++14";
				CLANG_CXX_LIBRARY = "libc++";
				CLANG_ENABLE_MODULES = YES;
				CLANG_ENABLE_OBJC_ARC = YES;
				CLANG_ENABLE_OBJC_WEAK = YES;
				CLANG_WARN_BLOCK_CAPTURE_AUTORELEASING = YES;
				CLANG_WARN_BOOL_CONVERSION = YES;
				CLANG_WARN_COMMA = YES;
				CLANG_WARN_CONSTANT_CONVERSION = YES;
				CLANG_WARN_DEPRECATED_OBJC_IMPLEMENTATIONS = YES;
				CLANG_WARN_DIRECT_OBJC_ISA_USAGE = YES_ERROR;
				CLANG_WARN_DOCUMENTATION_COMMENTS = YES;
				CLANG_WARN_EMPTY_BODY = YES;
				CLANG_WARN_ENUM_CONVERSION = YES;
				CLANG_WARN_INFINITE_RECURSION = YES;
				CLANG_WARN_INT_CONVERSION = YES;
				CLANG_WARN_NON_LITERAL_NULL_CONVERSION = YES;
				CLANG_WARN_OBJC_IMPLICIT_RETAIN_SELF = YES;
				CLANG_WARN_OBJC_LITERAL_CONVERSION = YES;
				CLANG_WARN_OBJC_ROOT_CLASS = YES_ERROR;
				CLANG_WARN_RANGE_LOOP_ANALYSIS = YES;
				CLANG_WARN_STRICT_PROTOTYPES = YES;
				CLANG_WARN_SUSPICIOUS_MOVE = YES;
				CLANG_WARN_UNGUARDED_AVAILABILITY = YES_AGGRESSIVE;
				CLANG_WARN_UNREACHABLE_CODE = YES;
				CLANG_WARN__DUPLICATE_METHOD_MATCH = YES;
				COPY_PHASE_STRIP = NO;
				DEBUG_INFORMATION_FORMAT = dwarf;
				ENABLE_STRICT_OBJC_MSGSEND = YES;
				ENABLE_TESTABILITY = YES;
				GCC_C_LANGUAGE_STANDARD = gnu11;
				GCC_DYNAMIC_NO_PIC = NO;
				GCC_NO_COMMON_BLOCKS = YES;
				GCC_OPTIMIZATION_LEVEL = 0;
				GCC_PREPROCESSOR_DEFINITIONS = (
					"DEBUG=1",
					"$(inherited)",
				);
				GCC_WARN_64_TO_32_BIT_CONVERSION = YES;
				GCC_WARN_ABOUT_RETURN_TYPE = YES_ERROR;
				GCC_WARN_UNDECLARED_SELECTOR = YES;
				GCC_WARN_UNINITIALIZED_AUTOS = YES_AGGRESSIVE;
				GCC_WARN_UNUSED_FUNCTION = YES;
				GCC_WARN_UNUSED_VARIABLE = YES;
				IPHONEOS_DEPLOYMENT_TARGET = 13.6;
				MTL_ENABLE_DEBUG_INFO = INCLUDE_SOURCE;
				MTL_FAST_MATH = YES;
				ONLY_ACTIVE_ARCH = YES;
				SDKROOT = iphoneos;
				SWIFT_ACTIVE_COMPILATION_CONDITIONS = DEBUG;
				SWIFT_OPTIMIZATION_LEVEL = "-Onone";
			};
			name = Debug;
		};
		8EFB41E424CD9F5C0085BDA5 /* Release */ = {
			isa = XCBuildConfiguration;
			buildSettings = {
				ALWAYS_SEARCH_USER_PATHS = NO;
				CLANG_ANALYZER_NONNULL = YES;
				CLANG_ANALYZER_NUMBER_OBJECT_CONVERSION = YES_AGGRESSIVE;
				CLANG_CXX_LANGUAGE_STANDARD = "gnu++14";
				CLANG_CXX_LIBRARY = "libc++";
				CLANG_ENABLE_MODULES = YES;
				CLANG_ENABLE_OBJC_ARC = YES;
				CLANG_ENABLE_OBJC_WEAK = YES;
				CLANG_WARN_BLOCK_CAPTURE_AUTORELEASING = YES;
				CLANG_WARN_BOOL_CONVERSION = YES;
				CLANG_WARN_COMMA = YES;
				CLANG_WARN_CONSTANT_CONVERSION = YES;
				CLANG_WARN_DEPRECATED_OBJC_IMPLEMENTATIONS = YES;
				CLANG_WARN_DIRECT_OBJC_ISA_USAGE = YES_ERROR;
				CLANG_WARN_DOCUMENTATION_COMMENTS = YES;
				CLANG_WARN_EMPTY_BODY = YES;
				CLANG_WARN_ENUM_CONVERSION = YES;
				CLANG_WARN_INFINITE_RECURSION = YES;
				CLANG_WARN_INT_CONVERSION = YES;
				CLANG_WARN_NON_LITERAL_NULL_CONVERSION = YES;
				CLANG_WARN_OBJC_IMPLICIT_RETAIN_SELF = YES;
				CLANG_WARN_OBJC_LITERAL_CONVERSION = YES;
				CLANG_WARN_OBJC_ROOT_CLASS = YES_ERROR;
				CLANG_WARN_RANGE_LOOP_ANALYSIS = YES;
				CLANG_WARN_STRICT_PROTOTYPES = YES;
				CLANG_WARN_SUSPICIOUS_MOVE = YES;
				CLANG_WARN_UNGUARDED_AVAILABILITY = YES_AGGRESSIVE;
				CLANG_WARN_UNREACHABLE_CODE = YES;
				CLANG_WARN__DUPLICATE_METHOD_MATCH = YES;
				COPY_PHASE_STRIP = NO;
				DEBUG_INFORMATION_FORMAT = "dwarf-with-dsym";
				ENABLE_NS_ASSERTIONS = NO;
				ENABLE_STRICT_OBJC_MSGSEND = YES;
				GCC_C_LANGUAGE_STANDARD = gnu11;
				GCC_NO_COMMON_BLOCKS = YES;
				GCC_WARN_64_TO_32_BIT_CONVERSION = YES;
				GCC_WARN_ABOUT_RETURN_TYPE = YES_ERROR;
				GCC_WARN_UNDECLARED_SELECTOR = YES;
				GCC_WARN_UNINITIALIZED_AUTOS = YES_AGGRESSIVE;
				GCC_WARN_UNUSED_FUNCTION = YES;
				GCC_WARN_UNUSED_VARIABLE = YES;
				IPHONEOS_DEPLOYMENT_TARGET = 13.6;
				MTL_ENABLE_DEBUG_INFO = NO;
				MTL_FAST_MATH = YES;
				SDKROOT = iphoneos;
				SWIFT_COMPILATION_MODE = wholemodule;
				SWIFT_OPTIMIZATION_LEVEL = "-O";
				VALIDATE_PRODUCT = YES;
			};
			name = Release;
		};
		8EFB41E624CD9F5C0085BDA5 /* Debug */ = {
			isa = XCBuildConfiguration;
			buildSettings = {
				ASSETCATALOG_COMPILER_APPICON_NAME = AppIcon;
				CODE_SIGN_STYLE = Automatic;
				DEVELOPMENT_TEAM = GAPK9VY2U9;
				INFOPLIST_FILE = "Numbers quiz/Info.plist";
				IPHONEOS_DEPLOYMENT_TARGET = 13.0;
				LD_RUNPATH_SEARCH_PATHS = (
					"$(inherited)",
					"@executable_path/Frameworks",
				);
				PRODUCT_BUNDLE_IDENTIFIER = "com.slipchenko.GitMath.Numbers-quiz";
				PRODUCT_NAME = "$(TARGET_NAME)";
				SWIFT_VERSION = 5.0;
				TARGETED_DEVICE_FAMILY = "1,2";
			};
			name = Debug;
		};
		8EFB41E724CD9F5C0085BDA5 /* Release */ = {
			isa = XCBuildConfiguration;
			buildSettings = {
				ASSETCATALOG_COMPILER_APPICON_NAME = AppIcon;
				CODE_SIGN_STYLE = Automatic;
				DEVELOPMENT_TEAM = GAPK9VY2U9;
				INFOPLIST_FILE = "Numbers quiz/Info.plist";
				IPHONEOS_DEPLOYMENT_TARGET = 13.0;
				LD_RUNPATH_SEARCH_PATHS = (
					"$(inherited)",
					"@executable_path/Frameworks",
				);
				PRODUCT_BUNDLE_IDENTIFIER = "com.slipchenko.GitMath.Numbers-quiz";
				PRODUCT_NAME = "$(TARGET_NAME)";
				SWIFT_VERSION = 5.0;
				TARGETED_DEVICE_FAMILY = "1,2";
			};
			name = Release;
		};
/* End XCBuildConfiguration section */

/* Begin XCConfigurationList section */
		8EFB41C924CD9F580085BDA5 /* Build configuration list for PBXProject "Numbers quiz" */ = {
			isa = XCConfigurationList;
			buildConfigurations = (
				8EFB41E324CD9F5C0085BDA5 /* Debug */,
				8EFB41E424CD9F5C0085BDA5 /* Release */,
			);
			defaultConfigurationIsVisible = 0;
			defaultConfigurationName = Release;
		};
		8EFB41E524CD9F5C0085BDA5 /* Build configuration list for PBXNativeTarget "Numbers quiz" */ = {
			isa = XCConfigurationList;
			buildConfigurations = (
				8EFB41E624CD9F5C0085BDA5 /* Debug */,
				8EFB41E724CD9F5C0085BDA5 /* Release */,
			);
			defaultConfigurationIsVisible = 0;
			defaultConfigurationName = Release;
		};
/* End XCConfigurationList section */

/* Begin XCVersionGroup section */
		8EFB41DA24CD9F580085BDA5 /* Numbers_quiz.xcdatamodeld */ = {
			isa = XCVersionGroup;
			children = (
				8EFB41DB24CD9F580085BDA5 /* Numbers_quiz.xcdatamodel */,
			);
			currentVersion = 8EFB41DB24CD9F580085BDA5 /* Numbers_quiz.xcdatamodel */;
			path = Numbers_quiz.xcdatamodeld;
			sourceTree = "<group>";
			versionGroupType = wrapper.xcdatamodel;
		};
/* End XCVersionGroup section */
	};
	rootObject = 8EFB41C624CD9F580085BDA5 /* Project object */;
}
